
Microsoft Visual Studio Solution File, Format Version 12.00
# Visual Studio 14
VisualStudioVersion = 14.0.25420.1
MinimumVisualStudioVersion = 10.0.40219.1
Project("{2150E333-8FDC-42A3-9474-1A3956D46DE8}") = "src", "src", "{4F6C9669-30DE-4AA6-B8A4-F8737C15C895}"
EndProject
Project("{2150E333-8FDC-42A3-9474-1A3956D46DE8}") = "Solution Items", "Solution Items", "{CA25ADA8-1E26-4681-944F-72599A0FC66C}"
	ProjectSection(SolutionItems) = preProject
		global.json = global.json
	EndProjectSection
EndProject
Project("{8BB2217D-0F2D-49D1-97BC-3654ED321F3B}") = "NCmdArgs", "src\NCmdArgs\NCmdArgs.xproj", "{F969DD63-A79D-4687-A692-2E65AD3331B6}"
EndProject
Project("{2150E333-8FDC-42A3-9474-1A3956D46DE8}") = "tests", "tests", "{647C9AAE-D317-4B3B-86D4-7DE75C5910AB}"
EndProject
Project("{8BB2217D-0F2D-49D1-97BC-3654ED321F3B}") = "NCmdArgs.Tests", "tests\NCmdArgs.Tests\NCmdArgs.Tests.xproj", "{938DC9D5-2150-446F-BB31-77FD19C18231}"
EndProject
Global
	GlobalSection(SolutionConfigurationPlatforms) = preSolution
		Debug|Any CPU = Debug|Any CPU
		Release|Any CPU = Release|Any CPU
	EndGlobalSection
	GlobalSection(ProjectConfigurationPlatforms) = postSolution
		{F969DD63-A79D-4687-A692-2E65AD3331B6}.Debug|Any CPU.ActiveCfg = Debug|Any CPU
		{F969DD63-A79D-4687-A692-2E65AD3331B6}.Debug|Any CPU.Build.0 = Debug|Any CPU
		{F969DD63-A79D-4687-A692-2E65AD3331B6}.Release|Any CPU.ActiveCfg = Release|Any CPU
		{F969DD63-A79D-4687-A692-2E65AD3331B6}.Release|Any CPU.Build.0 = Release|Any CPU
		{938DC9D5-2150-446F-BB31-77FD19C18231}.Debug|Any CPU.ActiveCfg = Debug|Any CPU
		{938DC9D5-2150-446F-BB31-77FD19C18231}.Debug|Any CPU.Build.0 = Debug|Any CPU
		{938DC9D5-2150-446F-BB31-77FD19C18231}.Release|Any CPU.ActiveCfg = Release|Any CPU
		{938DC9D5-2150-446F-BB31-77FD19C18231}.Release|Any CPU.Build.0 = Release|Any CPU
	EndGlobalSection
	GlobalSection(SolutionProperties) = preSolution
		HideSolutionNode = FALSE
	EndGlobalSection
	GlobalSection(NestedProjects) = preSolution
		{F969DD63-A79D-4687-A692-2E65AD3331B6} = {4F6C9669-30DE-4AA6-B8A4-F8737C15C895}
		{938DC9D5-2150-446F-BB31-77FD19C18231} = {647C9AAE-D317-4B3B-86D4-7DE75C5910AB}
	EndGlobalSection
EndGlobal
